
Microsoft Visual Studio Solution File, Format Version 12.00
# Visual Studio 15
VisualStudioVersion = 15.0.28010.2026
MinimumVisualStudioVersion = 10.0.40219.1
Project("{2150E333-8FDC-42A3-9474-1A3956D46DE8}") = "Solution Items", "Solution Items", "{5635BE25-763D-4AE7-B666-E6EE9DB1E8CE}"
	ProjectSection(SolutionItems) = preProject
		.gitignore = .gitignore
		LICENSE = LICENSE
		README.md = README.md
	EndProjectSection
EndProject
Project("{9A19103F-16F7-4668-BE54-9A1E7A4F7556}") = "Typemaker.Ast", "src\Typemaker.Ast\Typemaker.Ast.csproj", "{B3278C06-EC5D-4608-BAB7-DC552628AC5B}"
EndProject
Project("{9A19103F-16F7-4668-BE54-9A1E7A4F7556}") = "Typemaker.Parser", "src\Typemaker.Parser\Typemaker.Parser.csproj", "{D534FE31-E95E-42A9-84BF-865DA5D5FCAF}"
EndProject
Project("{9A19103F-16F7-4668-BE54-9A1E7A4F7556}") = "Typemaker.Compiler", "src\Typemaker.Compiler\Typemaker.Compiler.csproj", "{B9441356-BD4D-4B5E-8BAE-1C5C25011CE1}"
EndProject
Project("{9A19103F-16F7-4668-BE54-9A1E7A4F7556}") = "Typemaker.Compiler.Cli", "src\Typemaker.Compiler.Cli\Typemaker.Compiler.Cli.csproj", "{F0977789-741A-418A-917C-A1DBA4E6EB15}"
EndProject
Project("{9A19103F-16F7-4668-BE54-9A1E7A4F7556}") = "Typemaker.Parser.Tests", "tests\Typemaker.Parser.Tests\Typemaker.Parser.Tests.csproj", "{D4155666-CF48-42B5-9116-9C359A68F0ED}"
EndProject
Project("{9A19103F-16F7-4668-BE54-9A1E7A4F7556}") = "Typemaker.ObjectTree", "src\Typemaker.ObjectTree\Typemaker.ObjectTree.csproj", "{3F51F9F8-2F54-48EA-BDB9-FB5DD56EF3C5}"
EndProject
Project("{9A19103F-16F7-4668-BE54-9A1E7A4F7556}") = "Typemaker.Anaylsis", "src\Typemaker.Anaylsis\Typemaker.Anaylsis.csproj", "{C124C25F-6AE3-4B52-B7EF-00A06A61CE79}"
EndProject
Project("{FAE04EC0-301F-11D3-BF4B-00C04F79EFBC}") = "Typemaker.Emitters", "src\Typemaker.Emitters\Typemaker.Emitters.csproj", "{0DD7A2F7-DCBF-43C3-9246-0B2BFB35AA24}"
EndProject
Global
	GlobalSection(SolutionConfigurationPlatforms) = preSolution
		Debug|Any CPU = Debug|Any CPU
		Release|Any CPU = Release|Any CPU
	EndGlobalSection
	GlobalSection(ProjectConfigurationPlatforms) = postSolution
		{B3278C06-EC5D-4608-BAB7-DC552628AC5B}.Debug|Any CPU.ActiveCfg = Debug|Any CPU
		{B3278C06-EC5D-4608-BAB7-DC552628AC5B}.Debug|Any CPU.Build.0 = Debug|Any CPU
		{B3278C06-EC5D-4608-BAB7-DC552628AC5B}.Release|Any CPU.ActiveCfg = Release|Any CPU
		{B3278C06-EC5D-4608-BAB7-DC552628AC5B}.Release|Any CPU.Build.0 = Release|Any CPU
		{D534FE31-E95E-42A9-84BF-865DA5D5FCAF}.Debug|Any CPU.ActiveCfg = Debug|Any CPU
		{D534FE31-E95E-42A9-84BF-865DA5D5FCAF}.Debug|Any CPU.Build.0 = Debug|Any CPU
		{D534FE31-E95E-42A9-84BF-865DA5D5FCAF}.Release|Any CPU.ActiveCfg = Release|Any CPU
		{D534FE31-E95E-42A9-84BF-865DA5D5FCAF}.Release|Any CPU.Build.0 = Release|Any CPU
		{B9441356-BD4D-4B5E-8BAE-1C5C25011CE1}.Debug|Any CPU.ActiveCfg = Debug|Any CPU
		{B9441356-BD4D-4B5E-8BAE-1C5C25011CE1}.Debug|Any CPU.Build.0 = Debug|Any CPU
		{B9441356-BD4D-4B5E-8BAE-1C5C25011CE1}.Release|Any CPU.ActiveCfg = Release|Any CPU
		{B9441356-BD4D-4B5E-8BAE-1C5C25011CE1}.Release|Any CPU.Build.0 = Release|Any CPU
		{F0977789-741A-418A-917C-A1DBA4E6EB15}.Debug|Any CPU.ActiveCfg = Debug|Any CPU
		{F0977789-741A-418A-917C-A1DBA4E6EB15}.Debug|Any CPU.Build.0 = Debug|Any CPU
		{F0977789-741A-418A-917C-A1DBA4E6EB15}.Release|Any CPU.ActiveCfg = Release|Any CPU
		{F0977789-741A-418A-917C-A1DBA4E6EB15}.Release|Any CPU.Build.0 = Release|Any CPU
		{D4155666-CF48-42B5-9116-9C359A68F0ED}.Debug|Any CPU.ActiveCfg = Debug|Any CPU
		{D4155666-CF48-42B5-9116-9C359A68F0ED}.Debug|Any CPU.Build.0 = Debug|Any CPU
		{D4155666-CF48-42B5-9116-9C359A68F0ED}.Release|Any CPU.ActiveCfg = Release|Any CPU
		{D4155666-CF48-42B5-9116-9C359A68F0ED}.Release|Any CPU.Build.0 = Release|Any CPU
		{3F51F9F8-2F54-48EA-BDB9-FB5DD56EF3C5}.Debug|Any CPU.ActiveCfg = Debug|Any CPU
		{3F51F9F8-2F54-48EA-BDB9-FB5DD56EF3C5}.Debug|Any CPU.Build.0 = Debug|Any CPU
		{3F51F9F8-2F54-48EA-BDB9-FB5DD56EF3C5}.Release|Any CPU.ActiveCfg = Release|Any CPU
		{3F51F9F8-2F54-48EA-BDB9-FB5DD56EF3C5}.Release|Any CPU.Build.0 = Release|Any CPU
		{C124C25F-6AE3-4B52-B7EF-00A06A61CE79}.Debug|Any CPU.ActiveCfg = Debug|Any CPU
		{C124C25F-6AE3-4B52-B7EF-00A06A61CE79}.Debug|Any CPU.Build.0 = Debug|Any CPU
		{C124C25F-6AE3-4B52-B7EF-00A06A61CE79}.Release|Any CPU.ActiveCfg = Release|Any CPU
		{C124C25F-6AE3-4B52-B7EF-00A06A61CE79}.Release|Any CPU.Build.0 = Release|Any CPU
		{0DD7A2F7-DCBF-43C3-9246-0B2BFB35AA24}.Debug|Any CPU.ActiveCfg = Debug|Any CPU
		{0DD7A2F7-DCBF-43C3-9246-0B2BFB35AA24}.Debug|Any CPU.Build.0 = Debug|Any CPU
		{0DD7A2F7-DCBF-43C3-9246-0B2BFB35AA24}.Release|Any CPU.ActiveCfg = Release|Any CPU
		{0DD7A2F7-DCBF-43C3-9246-0B2BFB35AA24}.Release|Any CPU.Build.0 = Release|Any CPU
	EndGlobalSection
	GlobalSection(SolutionProperties) = preSolution
		HideSolutionNode = FALSE
	EndGlobalSection
	GlobalSection(ExtensibilityGlobals) = postSolution
		SolutionGuid = {75B0A296-91DA-4AE4-8D96-54A9635C03AA}
	EndGlobalSection
EndGlobal
